
Microsoft Visual Studio Solution File, Format Version 12.00
# Visual Studio Version 16
VisualStudioVersion = 16.0.35826.135
MinimumVisualStudioVersion = 10.0.40219.1
Project("{FAE04EC0-301F-11D3-BF4B-00C04F79EFBC}") = "ConsoleApp32", "ConsoleApp32.csproj", "{8372A031-46F6-4615-B8D0-A6ECD7F9A5D3}"
EndProject
Global
	GlobalSection(SolutionConfigurationPlatforms) = preSolution
		Debug|Any CPU = Debug|Any CPU
		Release|Any CPU = Release|Any CPU
	EndGlobalSection
	GlobalSection(ProjectConfigurationPlatforms) = postSolution
		{8372A031-46F6-4615-B8D0-A6ECD7F9A5D3}.Debug|Any CPU.ActiveCfg = Debug|Any CPU
		{8372A031-46F6-4615-B8D0-A6ECD7F9A5D3}.Debug|Any CPU.Build.0 = Debug|Any CPU
		{8372A031-46F6-4615-B8D0-A6ECD7F9A5D3}.Release|Any CPU.ActiveCfg = Release|Any CPU
		{8372A031-46F6-4615-B8D0-A6ECD7F9A5D3}.Release|Any CPU.Build.0 = Release|Any CPU
	EndGlobalSection
	GlobalSection(SolutionProperties) = preSolution
		HideSolutionNode = FALSE
	EndGlobalSection
	GlobalSection(ExtensibilityGlobals) = postSolution
		SolutionGuid = {E74541F3-F770-4572-A20E-F011FED956B3}
	EndGlobalSection
EndGlobal
